
Microsoft Visual Studio Solution File, Format Version 12.00
# Visual Studio Version 16
VisualStudioVersion = 16.0.33214.272
MinimumVisualStudioVersion = 10.0.40219.1
Project("{9A19103F-16F7-4668-BE54-9A1E7A4F7556}") = "Practice3_Ind", "Practice3_Ind\Practice3_Ind.csproj", "{794B191C-74CF-43E7-B4A1-CA354DE294FF}"
EndProject
Project("{FAE04EC0-301F-11D3-BF4B-00C04F79EFBC}") = "TestProject1", "TestProject1\TestProject1.csproj", "{4259C375-5946-4F04-9B46-F8D1673EDAFA}"
EndProject
Global
	GlobalSection(SolutionConfigurationPlatforms) = preSolution
		Debug|Any CPU = Debug|Any CPU
		Release|Any CPU = Release|Any CPU
	EndGlobalSection
	GlobalSection(ProjectConfigurationPlatforms) = postSolution
		{794B191C-74CF-43E7-B4A1-CA354DE294FF}.Debug|Any CPU.ActiveCfg = Debug|Any CPU
		{794B191C-74CF-43E7-B4A1-CA354DE294FF}.Debug|Any CPU.Build.0 = Debug|Any CPU
		{794B191C-74CF-43E7-B4A1-CA354DE294FF}.Release|Any CPU.ActiveCfg = Release|Any CPU
		{794B191C-74CF-43E7-B4A1-CA354DE294FF}.Release|Any CPU.Build.0 = Release|Any CPU
		{4259C375-5946-4F04-9B46-F8D1673EDAFA}.Debug|Any CPU.ActiveCfg = Debug|Any CPU
		{4259C375-5946-4F04-9B46-F8D1673EDAFA}.Debug|Any CPU.Build.0 = Debug|Any CPU
		{4259C375-5946-4F04-9B46-F8D1673EDAFA}.Release|Any CPU.ActiveCfg = Release|Any CPU
		{4259C375-5946-4F04-9B46-F8D1673EDAFA}.Release|Any CPU.Build.0 = Release|Any CPU
	EndGlobalSection
	GlobalSection(SolutionProperties) = preSolution
		HideSolutionNode = FALSE
	EndGlobalSection
	GlobalSection(ExtensibilityGlobals) = postSolution
		SolutionGuid = {BD93CEC2-DBC5-4B09-86E5-DBB0B96EA575}
	EndGlobalSection
EndGlobal
